
Microsoft Visual Studio Solution File, Format Version 12.00
# Visual Studio Version 16
VisualStudioVersion = 16.0.29123.88
MinimumVisualStudioVersion = 10.0.40219.1
Project("{9A19103F-16F7-4668-BE54-9A1E7A4F7556}") = "Variables", "Variables\Variables.csproj", "{64E96B0D-C340-403E-A4C8-4C8350AEF4C1}"
EndProject
Project("{9A19103F-16F7-4668-BE54-9A1E7A4F7556}") = "Arrays", "Arrays\Arrays.csproj", "{A92A0132-E4F2-4C77-BA87-3DAFBAA12DD2}"
EndProject
Project("{9A19103F-16F7-4668-BE54-9A1E7A4F7556}") = "Vavatech.TrackingSystem.ConsoleClient", "Vavatech.TrackingSystem.ConsoleClient\Vavatech.TrackingSystem.ConsoleClient.csproj", "{F81DDE61-9260-4818-B01C-05CD7815A249}"
EndProject
Project("{9A19103F-16F7-4668-BE54-9A1E7A4F7556}") = "Vavatech.TrackingSystem.Models", "Vavatech.TrackingSystem.Models\Vavatech.TrackingSystem.Models.csproj", "{6B3AABF0-92F3-4F15-BAA6-9FA2B394A64D}"
EndProject
Project("{FAE04EC0-301F-11D3-BF4B-00C04F79EFBC}") = "Vavatech.TrackingSystem.IRepositories", "Vavatech.TrackingSystem.IRepositories\Vavatech.TrackingSystem.IRepositories.csproj", "{CE307512-1600-4EB9-AE07-C35E19BE8EF7}"
EndProject
Project("{FAE04EC0-301F-11D3-BF4B-00C04F79EFBC}") = "Vavatech.TrackingSystem.FakeRepositories", "Vavatech.TrackingSystem.FakeRepositories\Vavatech.TrackingSystem.FakeRepositories.csproj", "{6E16118C-BE74-4E8F-90A9-2622C47BAD2D}"
EndProject
Project("{FAE04EC0-301F-11D3-BF4B-00C04F79EFBC}") = "Vavatech.TrackingSystem.FileRepositories", "Vavatech.TrackingSystem.FileRepositories\Vavatech.TrackingSystem.FileRepositories.csproj", "{0158A051-8952-4EE3-8333-9BD428408B1C}"
EndProject
Project("{FAE04EC0-301F-11D3-BF4B-00C04F79EFBC}") = "Vavatech.TrackingSystem.DbRepositories", "Vavatech.TrackingSystem.DbRepositories\Vavatech.TrackingSystem.DbRepositories.csproj", "{66C673DD-D212-47CA-BF11-A423A9E68D51}"
EndProject
Project("{FAE04EC0-301F-11D3-BF4B-00C04F79EFBC}") = "Vavatech.Sortation.Models", "Vavatech.Sortation.Models\Vavatech.Sortation.Models.csproj", "{B06031CC-9F73-4215-8E83-A68B27ACE670}"
EndProject
Project("{FAE04EC0-301F-11D3-BF4B-00C04F79EFBC}") = "Vavatech.Sortation.IRepositories", "Vavatech.Sortation.IRepositories\Vavatech.Sortation.IRepositories.csproj", "{800C6B0C-7E92-491B-AE2D-E440198F1946}"
EndProject
Project("{FAE04EC0-301F-11D3-BF4B-00C04F79EFBC}") = "Vavatech.Sortation.FakeRepositories", "Vavatech.Sortation.FakeRepositories\Vavatech.Sortation.FakeRepositories.csproj", "{E0DD29BF-F6B0-4D87-9E0B-C4F3B69889C5}"
EndProject
Project("{FAE04EC0-301F-11D3-BF4B-00C04F79EFBC}") = "Vavatech.Sortation.ConsoleClient", "Vavatech.Sortation.ConsoleClient\Vavatech.Sortation.ConsoleClient.csproj", "{85DB1901-80EC-4686-AB0E-0EC87D987604}"
EndProject
Global
	GlobalSection(SolutionConfigurationPlatforms) = preSolution
		Debug|Any CPU = Debug|Any CPU
		Release|Any CPU = Release|Any CPU
	EndGlobalSection
	GlobalSection(ProjectConfigurationPlatforms) = postSolution
		{64E96B0D-C340-403E-A4C8-4C8350AEF4C1}.Debug|Any CPU.ActiveCfg = Debug|Any CPU
		{64E96B0D-C340-403E-A4C8-4C8350AEF4C1}.Debug|Any CPU.Build.0 = Debug|Any CPU
		{64E96B0D-C340-403E-A4C8-4C8350AEF4C1}.Release|Any CPU.ActiveCfg = Release|Any CPU
		{64E96B0D-C340-403E-A4C8-4C8350AEF4C1}.Release|Any CPU.Build.0 = Release|Any CPU
		{A92A0132-E4F2-4C77-BA87-3DAFBAA12DD2}.Debug|Any CPU.ActiveCfg = Debug|Any CPU
		{A92A0132-E4F2-4C77-BA87-3DAFBAA12DD2}.Debug|Any CPU.Build.0 = Debug|Any CPU
		{A92A0132-E4F2-4C77-BA87-3DAFBAA12DD2}.Release|Any CPU.ActiveCfg = Release|Any CPU
		{A92A0132-E4F2-4C77-BA87-3DAFBAA12DD2}.Release|Any CPU.Build.0 = Release|Any CPU
		{F81DDE61-9260-4818-B01C-05CD7815A249}.Debug|Any CPU.ActiveCfg = Debug|Any CPU
		{F81DDE61-9260-4818-B01C-05CD7815A249}.Debug|Any CPU.Build.0 = Debug|Any CPU
		{F81DDE61-9260-4818-B01C-05CD7815A249}.Release|Any CPU.ActiveCfg = Release|Any CPU
		{F81DDE61-9260-4818-B01C-05CD7815A249}.Release|Any CPU.Build.0 = Release|Any CPU
		{6B3AABF0-92F3-4F15-BAA6-9FA2B394A64D}.Debug|Any CPU.ActiveCfg = Debug|Any CPU
		{6B3AABF0-92F3-4F15-BAA6-9FA2B394A64D}.Debug|Any CPU.Build.0 = Debug|Any CPU
		{6B3AABF0-92F3-4F15-BAA6-9FA2B394A64D}.Release|Any CPU.ActiveCfg = Release|Any CPU
		{6B3AABF0-92F3-4F15-BAA6-9FA2B394A64D}.Release|Any CPU.Build.0 = Release|Any CPU
		{CE307512-1600-4EB9-AE07-C35E19BE8EF7}.Debug|Any CPU.ActiveCfg = Debug|Any CPU
		{CE307512-1600-4EB9-AE07-C35E19BE8EF7}.Debug|Any CPU.Build.0 = Debug|Any CPU
		{CE307512-1600-4EB9-AE07-C35E19BE8EF7}.Release|Any CPU.ActiveCfg = Release|Any CPU
		{CE307512-1600-4EB9-AE07-C35E19BE8EF7}.Release|Any CPU.Build.0 = Release|Any CPU
		{6E16118C-BE74-4E8F-90A9-2622C47BAD2D}.Debug|Any CPU.ActiveCfg = Debug|Any CPU
		{6E16118C-BE74-4E8F-90A9-2622C47BAD2D}.Debug|Any CPU.Build.0 = Debug|Any CPU
		{6E16118C-BE74-4E8F-90A9-2622C47BAD2D}.Release|Any CPU.ActiveCfg = Release|Any CPU
		{6E16118C-BE74-4E8F-90A9-2622C47BAD2D}.Release|Any CPU.Build.0 = Release|Any CPU
		{0158A051-8952-4EE3-8333-9BD428408B1C}.Debug|Any CPU.ActiveCfg = Debug|Any CPU
		{0158A051-8952-4EE3-8333-9BD428408B1C}.Debug|Any CPU.Build.0 = Debug|Any CPU
		{0158A051-8952-4EE3-8333-9BD428408B1C}.Release|Any CPU.ActiveCfg = Release|Any CPU
		{0158A051-8952-4EE3-8333-9BD428408B1C}.Release|Any CPU.Build.0 = Release|Any CPU
		{66C673DD-D212-47CA-BF11-A423A9E68D51}.Debug|Any CPU.ActiveCfg = Debug|Any CPU
		{66C673DD-D212-47CA-BF11-A423A9E68D51}.Debug|Any CPU.Build.0 = Debug|Any CPU
		{66C673DD-D212-47CA-BF11-A423A9E68D51}.Release|Any CPU.ActiveCfg = Release|Any CPU
		{66C673DD-D212-47CA-BF11-A423A9E68D51}.Release|Any CPU.Build.0 = Release|Any CPU
		{B06031CC-9F73-4215-8E83-A68B27ACE670}.Debug|Any CPU.ActiveCfg = Debug|Any CPU
		{B06031CC-9F73-4215-8E83-A68B27ACE670}.Debug|Any CPU.Build.0 = Debug|Any CPU
		{B06031CC-9F73-4215-8E83-A68B27ACE670}.Release|Any CPU.ActiveCfg = Release|Any CPU
		{B06031CC-9F73-4215-8E83-A68B27ACE670}.Release|Any CPU.Build.0 = Release|Any CPU
		{800C6B0C-7E92-491B-AE2D-E440198F1946}.Debug|Any CPU.ActiveCfg = Debug|Any CPU
		{800C6B0C-7E92-491B-AE2D-E440198F1946}.Debug|Any CPU.Build.0 = Debug|Any CPU
		{800C6B0C-7E92-491B-AE2D-E440198F1946}.Release|Any CPU.ActiveCfg = Release|Any CPU
		{800C6B0C-7E92-491B-AE2D-E440198F1946}.Release|Any CPU.Build.0 = Release|Any CPU
		{E0DD29BF-F6B0-4D87-9E0B-C4F3B69889C5}.Debug|Any CPU.ActiveCfg = Debug|Any CPU
		{E0DD29BF-F6B0-4D87-9E0B-C4F3B69889C5}.Debug|Any CPU.Build.0 = Debug|Any CPU
		{E0DD29BF-F6B0-4D87-9E0B-C4F3B69889C5}.Release|Any CPU.ActiveCfg = Release|Any CPU
		{E0DD29BF-F6B0-4D87-9E0B-C4F3B69889C5}.Release|Any CPU.Build.0 = Release|Any CPU
		{85DB1901-80EC-4686-AB0E-0EC87D987604}.Debug|Any CPU.ActiveCfg = Debug|Any CPU
		{85DB1901-80EC-4686-AB0E-0EC87D987604}.Debug|Any CPU.Build.0 = Debug|Any CPU
		{85DB1901-80EC-4686-AB0E-0EC87D987604}.Release|Any CPU.ActiveCfg = Release|Any CPU
		{85DB1901-80EC-4686-AB0E-0EC87D987604}.Release|Any CPU.Build.0 = Release|Any CPU
	EndGlobalSection
	GlobalSection(SolutionProperties) = preSolution
		HideSolutionNode = FALSE
	EndGlobalSection
	GlobalSection(ExtensibilityGlobals) = postSolution
		SolutionGuid = {338B41A6-4019-409D-87EF-AE12583F3CBE}
	EndGlobalSection
EndGlobal
